{
	"name": "adaptive-expressions",
	"version": "4.1.6",
	"lockfileVersion": 1,
	"requires": true,
	"dependencies": {
		"@microsoft/recognizers-text-data-types-timex-expression": {
			"version": "1.3.0",
			"resolved": "https://registry.npmjs.org/@microsoft/recognizers-text-data-types-timex-expression/-/recognizers-text-data-types-timex-expression-1.3.0.tgz",
			"integrity": "sha512-REHUXmMUI1jL3b9v+aSdzKxLxRdejsfg9McYRxY3LW0Gu4UbwD7Q+K6mtSo40cwg8uh6fiV9GY8hDuKXHH6dVA=="
		}
	}
}
