{
	"name": "botbuilder-dialogs-adaptive",
	"version": "4.1.6",
	"lockfileVersion": 1,
	"requires": true,
	"dependencies": {
		"@types/mocha": {
			"version": "2.2.48",
			"resolved": "https://botbuilder.myget.org/F/botbuilder-declarative/npm/@types/mocha/-/@types/mocha-2.2.48.tgz",
			"integrity": "sha1-NSOxJqCwSUguHDwRh3Rg92Yi/6s=",
			"dev": true
		},
		"@types/node": {
			"version": "10.17.28",
			"resolved": "https://botbuilder.myget.org/F/botbuilder-declarative/npm/@types/node/-/@types/node-10.17.28.tgz",
			"integrity": "sha1-DjbXGKKTVe5Rzsg7QtkhKZIA9tk=",
			"dev": true
		}
	}
}
